// !$*UTF8*$!
{
	archiveVersion = 1;
	classes = {
	};
	objectVersion = 46;
	objects = {

/* Begin PBXBuildFile section */
		290B8D461DC8443F00A85D99 /* NetworkTools.swift in Sources */ = {isa = PBXBuildFile; fileRef = 290B8D451DC8443F00A85D99 /* NetworkTools.swift */; };
		290B8D491DC84A2F00A85D99 /* OAuthViewController.swift in Sources */ = {isa = PBXBuildFile; fileRef = 290B8D471DC84A2F00A85D99 /* OAuthViewController.swift */; };
		290B8D4A1DC84A2F00A85D99 /* OAuthViewController.xib in Resources */ = {isa = PBXBuildFile; fileRef = 290B8D481DC84A2F00A85D99 /* OAuthViewController.xib */; };
		290B8D4C1DC867C400A85D99 /* Const.swift in Sources */ = {isa = PBXBuildFile; fileRef = 290B8D4B1DC867C400A85D99 /* Const.swift */; };
		290B8D4E1DC873CF00A85D99 /* UserAccount.swift in Sources */ = {isa = PBXBuildFile; fileRef = 290B8D4D1DC873CF00A85D99 /* UserAccount.swift */; };
		292643BA1DD2AD9600206993 /* PicPickerViewCell.swift in Sources */ = {isa = PBXBuildFile; fileRef = 292643B81DD2AD9600206993 /* PicPickerViewCell.swift */; };
		292643BB1DD2AD9600206993 /* PicPickerViewCell.xib in Resources */ = {isa = PBXBuildFile; fileRef = 292643B91DD2AD9600206993 /* PicPickerViewCell.xib */; };
		292643BD1DD2D92500206993 /* PicPickerCollectionView.swift in Sources */ = {isa = PBXBuildFile; fileRef = 292643BC1DD2D92500206993 /* PicPickerCollectionView.swift */; };
		292643C01DD3F91A00206993 /* Emoticons.bundle in Resources */ = {isa = PBXBuildFile; fileRef = 292643BF1DD3F91A00206993 /* Emoticons.bundle */; };
		292643C31DD3FBBE00206993 /* EmoticonController.swift in Sources */ = {isa = PBXBuildFile; fileRef = 292643C21DD3FBBE00206993 /* EmoticonController.swift */; };
		292643C51DD3FBEB00206993 /* EmoticonViewCell.swift in Sources */ = {isa = PBXBuildFile; fileRef = 292643C41DD3FBEB00206993 /* EmoticonViewCell.swift */; };
		292643C71DD3FD3100206993 /* EmoticonManager.swift in Sources */ = {isa = PBXBuildFile; fileRef = 292643C61DD3FD3100206993 /* EmoticonManager.swift */; };
		292643C91DD3FD3F00206993 /* EmoticonPackage.swift in Sources */ = {isa = PBXBuildFile; fileRef = 292643C81DD3FD3F00206993 /* EmoticonPackage.swift */; };
		292643CB1DD3FD4A00206993 /* Emoticon.swift in Sources */ = {isa = PBXBuildFile; fileRef = 292643CA1DD3FD4A00206993 /* Emoticon.swift */; };
		292643CD1DD408B700206993 /* EmoticonCollectionViewLayout.swift in Sources */ = {isa = PBXBuildFile; fileRef = 292643CC1DD408B700206993 /* EmoticonCollectionViewLayout.swift */; };
		294420C11DC6E5FA0045C4AB /* WJQPresentationController.swift in Sources */ = {isa = PBXBuildFile; fileRef = 294420C01DC6E5FA0045C4AB /* WJQPresentationController.swift */; };
		294420C31DC6E85B0045C4AB /* WJQPopoverAnimator.swift in Sources */ = {isa = PBXBuildFile; fileRef = 294420C21DC6E85B0045C4AB /* WJQPopoverAnimator.swift */; };
		294727851DD032A9008AD618 /* PicCollectionView.swift in Sources */ = {isa = PBXBuildFile; fileRef = 294727841DD032A9008AD618 /* PicCollectionView.swift */; };
		294727881DD05394008AD618 /* PicCollectionViewCell.swift in Sources */ = {isa = PBXBuildFile; fileRef = 294727861DD05394008AD618 /* PicCollectionViewCell.swift */; };
		294727891DD05394008AD618 /* PicCollectionViewCell.xib in Resources */ = {isa = PBXBuildFile; fileRef = 294727871DD05394008AD618 /* PicCollectionViewCell.xib */; };
		2947278D1DD0BF35008AD618 /* ComposeViewController.swift in Sources */ = {isa = PBXBuildFile; fileRef = 2947278B1DD0BF35008AD618 /* ComposeViewController.swift */; };
		2947278E1DD0BF35008AD618 /* ComposeViewController.xib in Resources */ = {isa = PBXBuildFile; fileRef = 2947278C1DD0BF35008AD618 /* ComposeViewController.xib */; };
		294727901DD0C0AF008AD618 /* ComposeTextView.swift in Sources */ = {isa = PBXBuildFile; fileRef = 2947278F1DD0C0AF008AD618 /* ComposeTextView.swift */; };
		294727921DD0C0CB008AD618 /* ComposeTitleView.swift in Sources */ = {isa = PBXBuildFile; fileRef = 294727911DD0C0CB008AD618 /* ComposeTitleView.swift */; };
		2953A55C1DCAC38400E1075C /* UserAccountViewModel.swift in Sources */ = {isa = PBXBuildFile; fileRef = 2953A55B1DCAC38400E1075C /* UserAccountViewModel.swift */; };
		2953A55F1DCAC78800E1075C /* WelcomeViewController.swift in Sources */ = {isa = PBXBuildFile; fileRef = 2953A55D1DCAC78800E1075C /* WelcomeViewController.swift */; };
		2953A5601DCAC78800E1075C /* WelcomeViewController.xib in Resources */ = {isa = PBXBuildFile; fileRef = 2953A55E1DCAC78800E1075C /* WelcomeViewController.xib */; };
		2953A5621DCB5B4000E1075C /* Status.swift in Sources */ = {isa = PBXBuildFile; fileRef = 2953A5611DCB5B4000E1075C /* Status.swift */; };
		2953A5641DCB5B4C00E1075C /* StatusViewModel.swift in Sources */ = {isa = PBXBuildFile; fileRef = 2953A5631DCB5B4C00E1075C /* StatusViewModel.swift */; };
		2953A5661DCB5B5700E1075C /* User.swift in Sources */ = {isa = PBXBuildFile; fileRef = 2953A5651DCB5B5700E1075C /* User.swift */; };
		2953A5681DCB642400E1075C /* Date-Extension.swift in Sources */ = {isa = PBXBuildFile; fileRef = 2953A5671DCB642400E1075C /* Date-Extension.swift */; };
		29D012AB1DD59F7800FBAAE5 /* UITextView-Extension.swift in Sources */ = {isa = PBXBuildFile; fileRef = 29D012AA1DD59F7800FBAAE5 /* UITextView-Extension.swift */; };
		29D012AE1DD5A13B00FBAAE5 /* EmoticonAttachment.swift in Sources */ = {isa = PBXBuildFile; fileRef = 29D012AD1DD5A13B00FBAAE5 /* EmoticonAttachment.swift */; };
		29D012B01DD5AC6200FBAAE5 /* HYLabel.swift in Sources */ = {isa = PBXBuildFile; fileRef = 29D012AF1DD5AC6200FBAAE5 /* HYLabel.swift */; };
		29D012B21DD5AFDC00FBAAE5 /* FindEmoticon.swift in Sources */ = {isa = PBXBuildFile; fileRef = 29D012B11DD5AFDC00FBAAE5 /* FindEmoticon.swift */; };
		29DB4A541DC2EC0F003E1E2A /* AppDelegate.swift in Sources */ = {isa = PBXBuildFile; fileRef = 29DB4A531DC2EC0F003E1E2A /* AppDelegate.swift */; };
		29DB4A5B1DC2EC0F003E1E2A /* Assets.xcassets in Resources */ = {isa = PBXBuildFile; fileRef = 29DB4A5A1DC2EC0F003E1E2A /* Assets.xcassets */; };
		29DB4A7B1DC2FB2D003E1E2A /* MainViewController.swift in Sources */ = {isa = PBXBuildFile; fileRef = 29DB4A7A1DC2FB2D003E1E2A /* MainViewController.swift */; };
		29DB4A7D1DC2FB40003E1E2A /* HomeViewController.swift in Sources */ = {isa = PBXBuildFile; fileRef = 29DB4A7C1DC2FB40003E1E2A /* HomeViewController.swift */; };
		29DB4A7F1DC2FB4D003E1E2A /* MessageViewController.swift in Sources */ = {isa = PBXBuildFile; fileRef = 29DB4A7E1DC2FB4D003E1E2A /* MessageViewController.swift */; };
		29DB4A811DC2FB5A003E1E2A /* DiscoverViewController.swift in Sources */ = {isa = PBXBuildFile; fileRef = 29DB4A801DC2FB5A003E1E2A /* DiscoverViewController.swift */; };
		29DB4A831DC2FB65003E1E2A /* ProfileViewController.swift in Sources */ = {isa = PBXBuildFile; fileRef = 29DB4A821DC2FB65003E1E2A /* ProfileViewController.swift */; };
		29DB4A861DC322AA003E1E2A /* MainVCSettings.json in Resources */ = {isa = PBXBuildFile; fileRef = 29DB4A851DC322AA003E1E2A /* MainVCSettings.json */; };
		29DC90041DC61F5900527751 /* BaseViewController.swift in Sources */ = {isa = PBXBuildFile; fileRef = 29DC90031DC61F5900527751 /* BaseViewController.swift */; };
		29DC90061DC61FB900527751 /* VisitorView.swift in Sources */ = {isa = PBXBuildFile; fileRef = 29DC90051DC61FB900527751 /* VisitorView.swift */; };
		29DC90081DC6203900527751 /* VisitorView.xib in Resources */ = {isa = PBXBuildFile; fileRef = 29DC90071DC6203900527751 /* VisitorView.xib */; };
		29DC900D1DC6314A00527751 /* UIBarButtonItem-Extension.swift in Sources */ = {isa = PBXBuildFile; fileRef = 29DC900C1DC6314A00527751 /* UIBarButtonItem-Extension.swift */; };
		29DC900F1DC632D600527751 /* TitleButton.swift in Sources */ = {isa = PBXBuildFile; fileRef = 29DC900E1DC632D600527751 /* TitleButton.swift */; };
		29DC90121DC635ED00527751 /* PopoverViewController.swift in Sources */ = {isa = PBXBuildFile; fileRef = 29DC90101DC635ED00527751 /* PopoverViewController.swift */; };
		29DC90131DC635ED00527751 /* PopoverViewController.xib in Resources */ = {isa = PBXBuildFile; fileRef = 29DC90111DC635ED00527751 /* PopoverViewController.xib */; };
		29F3F68F1DCC157C00100A1F /* HomeTableViewCell.swift in Sources */ = {isa = PBXBuildFile; fileRef = 29F3F68D1DCC157C00100A1F /* HomeTableViewCell.swift */; };
		29F3F6901DCC157C00100A1F /* HomeTableViewCell.xib in Resources */ = {isa = PBXBuildFile; fileRef = 29F3F68E1DCC157C00100A1F /* HomeTableViewCell.xib */; };
		DC028321FE50586FBE9FD864 /* Pods_SwiftWeibo.framework in Frameworks */ = {isa = PBXBuildFile; fileRef = E41D0D1CFBAEED4BCFD70B0D /* Pods_SwiftWeibo.framework */; };
/* End PBXBuildFile section */

/* Begin PBXFileReference section */
		22119D56AF1D3191555F4BA9 /* Pods-SwiftWeibo.release.xcconfig */ = {isa = PBXFileReference; includeInIndex = 1; lastKnownFileType = text.xcconfig; name = "Pods-SwiftWeibo.release.xcconfig"; path = "Pods/Target Support Files/Pods-SwiftWeibo/Pods-SwiftWeibo.release.xcconfig"; sourceTree = "<group>"; };
		290B8D451DC8443F00A85D99 /* NetworkTools.swift */ = {isa = PBXFileReference; fileEncoding = 4; lastKnownFileType = sourcecode.swift; path = NetworkTools.swift; sourceTree = "<group>"; };
		290B8D471DC84A2F00A85D99 /* OAuthViewController.swift */ = {isa = PBXFileReference; fileEncoding = 4; lastKnownFileType = sourcecode.swift; path = OAuthViewController.swift; sourceTree = "<group>"; };
		290B8D481DC84A2F00A85D99 /* OAuthViewController.xib */ = {isa = PBXFileReference; fileEncoding = 4; lastKnownFileType = file.xib; path = OAuthViewController.xib; sourceTree = "<group>"; };
		290B8D4B1DC867C400A85D99 /* Const.swift */ = {isa = PBXFileReference; fileEncoding = 4; lastKnownFileType = sourcecode.swift; path = Const.swift; sourceTree = "<group>"; };
		290B8D4D1DC873CF00A85D99 /* UserAccount.swift */ = {isa = PBXFileReference; fileEncoding = 4; lastKnownFileType = sourcecode.swift; name = UserAccount.swift; path = SwiftWeibo/Classes/Others/UserAccount.swift; sourceTree = SOURCE_ROOT; };
		292643B81DD2AD9600206993 /* PicPickerViewCell.swift */ = {isa = PBXFileReference; fileEncoding = 4; lastKnownFileType = sourcecode.swift; path = PicPickerViewCell.swift; sourceTree = "<group>"; };
		292643B91DD2AD9600206993 /* PicPickerViewCell.xib */ = {isa = PBXFileReference; fileEncoding = 4; lastKnownFileType = file.xib; path = PicPickerViewCell.xib; sourceTree = "<group>"; };
		292643BC1DD2D92500206993 /* PicPickerCollectionView.swift */ = {isa = PBXFileReference; fileEncoding = 4; lastKnownFileType = sourcecode.swift; path = PicPickerCollectionView.swift; sourceTree = "<group>"; };
		292643BF1DD3F91A00206993 /* Emoticons.bundle */ = {isa = PBXFileReference; lastKnownFileType = "wrapper.plug-in"; path = Emoticons.bundle; sourceTree = "<group>"; };
		292643C21DD3FBBE00206993 /* EmoticonController.swift */ = {isa = PBXFileReference; fileEncoding = 4; lastKnownFileType = sourcecode.swift; path = EmoticonController.swift; sourceTree = "<group>"; };
		292643C41DD3FBEB00206993 /* EmoticonViewCell.swift */ = {isa = PBXFileReference; fileEncoding = 4; lastKnownFileType = sourcecode.swift; path = EmoticonViewCell.swift; sourceTree = "<group>"; };
		292643C61DD3FD3100206993 /* EmoticonManager.swift */ = {isa = PBXFileReference; fileEncoding = 4; lastKnownFileType = sourcecode.swift; name = EmoticonManager.swift; path = SwiftWeibo/Classes/Compose/Emoticon/EmoticonManager.swift; sourceTree = SOURCE_ROOT; };
		292643C81DD3FD3F00206993 /* EmoticonPackage.swift */ = {isa = PBXFileReference; fileEncoding = 4; lastKnownFileType = sourcecode.swift; name = EmoticonPackage.swift; path = SwiftWeibo/Classes/Compose/Emoticon/EmoticonPackage.swift; sourceTree = SOURCE_ROOT; };
		292643CA1DD3FD4A00206993 /* Emoticon.swift */ = {isa = PBXFileReference; fileEncoding = 4; lastKnownFileType = sourcecode.swift; name = Emoticon.swift; path = SwiftWeibo/Classes/Compose/Emoticon/Emoticon.swift; sourceTree = SOURCE_ROOT; };
		292643CC1DD408B700206993 /* EmoticonCollectionViewLayout.swift */ = {isa = PBXFileReference; fileEncoding = 4; lastKnownFileType = sourcecode.swift; path = EmoticonCollectionViewLayout.swift; sourceTree = "<group>"; };
		294420C01DC6E5FA0045C4AB /* WJQPresentationController.swift */ = {isa = PBXFileReference; fileEncoding = 4; lastKnownFileType = sourcecode.swift; path = WJQPresentationController.swift; sourceTree = "<group>"; };
		294420C21DC6E85B0045C4AB /* WJQPopoverAnimator.swift */ = {isa = PBXFileReference; fileEncoding = 4; lastKnownFileType = sourcecode.swift; path = WJQPopoverAnimator.swift; sourceTree = "<group>"; };
		294727841DD032A9008AD618 /* PicCollectionView.swift */ = {isa = PBXFileReference; fileEncoding = 4; lastKnownFileType = sourcecode.swift; path = PicCollectionView.swift; sourceTree = "<group>"; };
		294727861DD05394008AD618 /* PicCollectionViewCell.swift */ = {isa = PBXFileReference; fileEncoding = 4; lastKnownFileType = sourcecode.swift; path = PicCollectionViewCell.swift; sourceTree = "<group>"; };
		294727871DD05394008AD618 /* PicCollectionViewCell.xib */ = {isa = PBXFileReference; fileEncoding = 4; lastKnownFileType = file.xib; path = PicCollectionViewCell.xib; sourceTree = "<group>"; };
		2947278B1DD0BF35008AD618 /* ComposeViewController.swift */ = {isa = PBXFileReference; fileEncoding = 4; lastKnownFileType = sourcecode.swift; path = ComposeViewController.swift; sourceTree = "<group>"; };
		2947278C1DD0BF35008AD618 /* ComposeViewController.xib */ = {isa = PBXFileReference; fileEncoding = 4; lastKnownFileType = file.xib; path = ComposeViewController.xib; sourceTree = "<group>"; };
		2947278F1DD0C0AF008AD618 /* ComposeTextView.swift */ = {isa = PBXFileReference; fileEncoding = 4; lastKnownFileType = sourcecode.swift; path = ComposeTextView.swift; sourceTree = "<group>"; };
		294727911DD0C0CB008AD618 /* ComposeTitleView.swift */ = {isa = PBXFileReference; fileEncoding = 4; lastKnownFileType = sourcecode.swift; path = ComposeTitleView.swift; sourceTree = "<group>"; };
		2953A55B1DCAC38400E1075C /* UserAccountViewModel.swift */ = {isa = PBXFileReference; fileEncoding = 4; lastKnownFileType = sourcecode.swift; name = UserAccountViewModel.swift; path = SwiftWeibo/Classes/Others/UserAccountViewModel.swift; sourceTree = SOURCE_ROOT; };
		2953A55D1DCAC78800E1075C /* WelcomeViewController.swift */ = {isa = PBXFileReference; fileEncoding = 4; lastKnownFileType = sourcecode.swift; path = WelcomeViewController.swift; sourceTree = "<group>"; };
		2953A55E1DCAC78800E1075C /* WelcomeViewController.xib */ = {isa = PBXFileReference; fileEncoding = 4; lastKnownFileType = file.xib; path = WelcomeViewController.xib; sourceTree = "<group>"; };
		2953A5611DCB5B4000E1075C /* Status.swift */ = {isa = PBXFileReference; fileEncoding = 4; lastKnownFileType = sourcecode.swift; name = Status.swift; path = SwiftWeibo/Classes/Main/View/Status.swift; sourceTree = SOURCE_ROOT; };
		2953A5631DCB5B4C00E1075C /* StatusViewModel.swift */ = {isa = PBXFileReference; fileEncoding = 4; lastKnownFileType = sourcecode.swift; name = StatusViewModel.swift; path = SwiftWeibo/Classes/Main/View/StatusViewModel.swift; sourceTree = SOURCE_ROOT; };
		2953A5651DCB5B5700E1075C /* User.swift */ = {isa = PBXFileReference; fileEncoding = 4; lastKnownFileType = sourcecode.swift; name = User.swift; path = SwiftWeibo/Classes/Main/View/User.swift; sourceTree = SOURCE_ROOT; };
		2953A5671DCB642400E1075C /* Date-Extension.swift */ = {isa = PBXFileReference; fileEncoding = 4; lastKnownFileType = sourcecode.swift; path = "Date-Extension.swift"; sourceTree = "<group>"; };
		29D012AA1DD59F7800FBAAE5 /* UITextView-Extension.swift */ = {isa = PBXFileReference; fileEncoding = 4; lastKnownFileType = sourcecode.swift; name = "UITextView-Extension.swift"; path = "../../../Others/Category/UITextView-Extension.swift"; sourceTree = "<group>"; };
		29D012AD1DD5A13B00FBAAE5 /* EmoticonAttachment.swift */ = {isa = PBXFileReference; fileEncoding = 4; lastKnownFileType = sourcecode.swift; path = EmoticonAttachment.swift; sourceTree = "<group>"; };
		29D012AF1DD5AC6200FBAAE5 /* HYLabel.swift */ = {isa = PBXFileReference; fileEncoding = 4; lastKnownFileType = sourcecode.swift; path = HYLabel.swift; sourceTree = "<group>"; };
		29D012B11DD5AFDC00FBAAE5 /* FindEmoticon.swift */ = {isa = PBXFileReference; fileEncoding = 4; lastKnownFileType = sourcecode.swift; path = FindEmoticon.swift; sourceTree = "<group>"; };
		29DB4A501DC2EC0F003E1E2A /* SwiftWeibo.app */ = {isa = PBXFileReference; explicitFileType = wrapper.application; includeInIndex = 0; path = SwiftWeibo.app; sourceTree = BUILT_PRODUCTS_DIR; };
		29DB4A531DC2EC0F003E1E2A /* AppDelegate.swift */ = {isa = PBXFileReference; lastKnownFileType = sourcecode.swift; path = AppDelegate.swift; sourceTree = "<group>"; };
		29DB4A5A1DC2EC0F003E1E2A /* Assets.xcassets */ = {isa = PBXFileReference; lastKnownFileType = folder.assetcatalog; path = Assets.xcassets; sourceTree = "<group>"; };
		29DB4A5F1DC2EC0F003E1E2A /* Info.plist */ = {isa = PBXFileReference; lastKnownFileType = text.plist.xml; path = Info.plist; sourceTree = "<group>"; };
		29DB4A7A1DC2FB2D003E1E2A /* MainViewController.swift */ = {isa = PBXFileReference; fileEncoding = 4; lastKnownFileType = sourcecode.swift; path = MainViewController.swift; sourceTree = "<group>"; };
		29DB4A7C1DC2FB40003E1E2A /* HomeViewController.swift */ = {isa = PBXFileReference; fileEncoding = 4; lastKnownFileType = sourcecode.swift; path = HomeViewController.swift; sourceTree = "<group>"; };
		29DB4A7E1DC2FB4D003E1E2A /* MessageViewController.swift */ = {isa = PBXFileReference; fileEncoding = 4; lastKnownFileType = sourcecode.swift; path = MessageViewController.swift; sourceTree = "<group>"; };
		29DB4A801DC2FB5A003E1E2A /* DiscoverViewController.swift */ = {isa = PBXFileReference; fileEncoding = 4; lastKnownFileType = sourcecode.swift; path = DiscoverViewController.swift; sourceTree = "<group>"; };
		29DB4A821DC2FB65003E1E2A /* ProfileViewController.swift */ = {isa = PBXFileReference; fileEncoding = 4; lastKnownFileType = sourcecode.swift; path = ProfileViewController.swift; sourceTree = "<group>"; };
		29DB4A851DC322AA003E1E2A /* MainVCSettings.json */ = {isa = PBXFileReference; fileEncoding = 4; lastKnownFileType = text.json; path = MainVCSettings.json; sourceTree = "<group>"; };
		29DC90031DC61F5900527751 /* BaseViewController.swift */ = {isa = PBXFileReference; fileEncoding = 4; lastKnownFileType = sourcecode.swift; path = BaseViewController.swift; sourceTree = "<group>"; };
		29DC90051DC61FB900527751 /* VisitorView.swift */ = {isa = PBXFileReference; fileEncoding = 4; lastKnownFileType = sourcecode.swift; path = VisitorView.swift; sourceTree = "<group>"; };
		29DC90071DC6203900527751 /* VisitorView.xib */ = {isa = PBXFileReference; fileEncoding = 4; lastKnownFileType = file.xib; path = VisitorView.xib; sourceTree = "<group>"; };
		29DC900C1DC6314A00527751 /* UIBarButtonItem-Extension.swift */ = {isa = PBXFileReference; fileEncoding = 4; lastKnownFileType = sourcecode.swift; path = "UIBarButtonItem-Extension.swift"; sourceTree = "<group>"; };
		29DC900E1DC632D600527751 /* TitleButton.swift */ = {isa = PBXFileReference; fileEncoding = 4; lastKnownFileType = sourcecode.swift; path = TitleButton.swift; sourceTree = "<group>"; };
		29DC90101DC635ED00527751 /* PopoverViewController.swift */ = {isa = PBXFileReference; fileEncoding = 4; lastKnownFileType = sourcecode.swift; path = PopoverViewController.swift; sourceTree = "<group>"; };
		29DC90111DC635ED00527751 /* PopoverViewController.xib */ = {isa = PBXFileReference; fileEncoding = 4; lastKnownFileType = file.xib; name = PopoverViewController.xib; path = ../Controller/PopoverViewController.xib; sourceTree = "<group>"; };
		29F3F68D1DCC157C00100A1F /* HomeTableViewCell.swift */ = {isa = PBXFileReference; fileEncoding = 4; lastKnownFileType = sourcecode.swift; path = HomeTableViewCell.swift; sourceTree = "<group>"; };
		29F3F68E1DCC157C00100A1F /* HomeTableViewCell.xib */ = {isa = PBXFileReference; fileEncoding = 4; lastKnownFileType = file.xib; path = HomeTableViewCell.xib; sourceTree = "<group>"; };
		CD52E59BFA1F9DDDD7228E5F /* Pods-SwiftWeibo.debug.xcconfig */ = {isa = PBXFileReference; includeInIndex = 1; lastKnownFileType = text.xcconfig; name = "Pods-SwiftWeibo.debug.xcconfig"; path = "Pods/Target Support Files/Pods-SwiftWeibo/Pods-SwiftWeibo.debug.xcconfig"; sourceTree = "<group>"; };
		E41D0D1CFBAEED4BCFD70B0D /* Pods_SwiftWeibo.framework */ = {isa = PBXFileReference; explicitFileType = wrapper.framework; includeInIndex = 0; path = Pods_SwiftWeibo.framework; sourceTree = BUILT_PRODUCTS_DIR; };
/* End PBXFileReference section */

/* Begin PBXFrameworksBuildPhase section */
		29DB4A4D1DC2EC0F003E1E2A /* Frameworks */ = {
			isa = PBXFrameworksBuildPhase;
			buildActionMask = 2147483647;
			files = (
				DC028321FE50586FBE9FD864 /* Pods_SwiftWeibo.framework in Frameworks */,
			);
			runOnlyForDeploymentPostprocessing = 0;
		};
/* End PBXFrameworksBuildPhase section */

/* Begin PBXGroup section */
		15C0138B6C2E28A25790FAEE /* Pods */ = {
			isa = PBXGroup;
			children = (
				CD52E59BFA1F9DDDD7228E5F /* Pods-SwiftWeibo.debug.xcconfig */,
				22119D56AF1D3191555F4BA9 /* Pods-SwiftWeibo.release.xcconfig */,
			);
			name = Pods;
			sourceTree = "<group>";
		};
		292643B71DD2AD4D00206993 /* PicPicker */ = {
			isa = PBXGroup;
			children = (
				292643B81DD2AD9600206993 /* PicPickerViewCell.swift */,
				292643B91DD2AD9600206993 /* PicPickerViewCell.xib */,
				292643BC1DD2D92500206993 /* PicPickerCollectionView.swift */,
			);
			path = PicPicker;
			sourceTree = "<group>";
		};
		292643BE1DD3207100206993 /* Emoticon */ = {
			isa = PBXGroup;
			children = (
				29D012AC1DD5A11400FBAAE5 /* Extension */,
				292643BF1DD3F91A00206993 /* Emoticons.bundle */,
				292643C11DD3FB9100206993 /* Model */,
				292643C21DD3FBBE00206993 /* EmoticonController.swift */,
				292643C41DD3FBEB00206993 /* EmoticonViewCell.swift */,
				292643CC1DD408B700206993 /* EmoticonCollectionViewLayout.swift */,
				29D012AD1DD5A13B00FBAAE5 /* EmoticonAttachment.swift */,
				29D012B11DD5AFDC00FBAAE5 /* FindEmoticon.swift */,
			);
			path = Emoticon;
			sourceTree = "<group>";
		};
		292643C11DD3FB9100206993 /* Model */ = {
			isa = PBXGroup;
			children = (
				292643C61DD3FD3100206993 /* EmoticonManager.swift */,
				292643C81DD3FD3F00206993 /* EmoticonPackage.swift */,
				292643CA1DD3FD4A00206993 /* Emoticon.swift */,
			);
			name = Model;
			path = Emoticons.bundle/Model;
			sourceTree = "<group>";
		};
		2947278A1DD0BF17008AD618 /* Compose */ = {
			isa = PBXGroup;
			children = (
				292643BE1DD3207100206993 /* Emoticon */,
				292643B71DD2AD4D00206993 /* PicPicker */,
				2947278B1DD0BF35008AD618 /* ComposeViewController.swift */,
				2947278C1DD0BF35008AD618 /* ComposeViewController.xib */,
				2947278F1DD0C0AF008AD618 /* ComposeTextView.swift */,
				294727911DD0C0CB008AD618 /* ComposeTitleView.swift */,
			);
			path = Compose;
			sourceTree = "<group>";
		};
		29D012AC1DD5A11400FBAAE5 /* Extension */ = {
			isa = PBXGroup;
			children = (
				29D012AA1DD59F7800FBAAE5 /* UITextView-Extension.swift */,
			);
			path = Extension;
			sourceTree = "<group>";
		};
		29DB4A471DC2EC0F003E1E2A = {
			isa = PBXGroup;
			children = (
				29DB4A521DC2EC0F003E1E2A /* SwiftWeibo */,
				29DB4A511DC2EC0F003E1E2A /* Products */,
				15C0138B6C2E28A25790FAEE /* Pods */,
				4EE28F842FF7975B5D495AE4 /* Frameworks */,
			);
			sourceTree = "<group>";
		};
		29DB4A511DC2EC0F003E1E2A /* Products */ = {
			isa = PBXGroup;
			children = (
				29DB4A501DC2EC0F003E1E2A /* SwiftWeibo.app */,
			);
			name = Products;
			sourceTree = "<group>";
		};
		29DB4A521DC2EC0F003E1E2A /* SwiftWeibo */ = {
			isa = PBXGroup;
			children = (
				29DB4A651DC2EF23003E1E2A /* Classes */,
				29DB4A531DC2EC0F003E1E2A /* AppDelegate.swift */,
				29DB4A5A1DC2EC0F003E1E2A /* Assets.xcassets */,
				29DB4A5F1DC2EC0F003E1E2A /* Info.plist */,
			);
			path = SwiftWeibo;
			sourceTree = "<group>";
		};
		29DB4A651DC2EF23003E1E2A /* Classes */ = {
			isa = PBXGroup;
			children = (
				29DB4A6E1DC2EF23003E1E2A /* Main */,
				2947278A1DD0BF17008AD618 /* Compose */,
				29DB4A6A1DC2EF23003E1E2A /* Home */,
				29DB4A721DC2EF23003E1E2A /* Message */,
				29DB4A661DC2EF23003E1E2A /* Discover */,
				29DB4A761DC2EF23003E1E2A /* Profile */,
				29DC90091DC6311500527751 /* Others */,
			);
			path = Classes;
			sourceTree = "<group>";
		};
		29DB4A661DC2EF23003E1E2A /* Discover */ = {
			isa = PBXGroup;
			children = (
				29DB4A671DC2EF23003E1E2A /* Controller */,
				29DB4A681DC2EF23003E1E2A /* Model */,
				29DB4A691DC2EF23003E1E2A /* View */,
			);
			path = Discover;
			sourceTree = "<group>";
		};
		29DB4A671DC2EF23003E1E2A /* Controller */ = {
			isa = PBXGroup;
			children = (
				29DB4A801DC2FB5A003E1E2A /* DiscoverViewController.swift */,
			);
			path = Controller;
			sourceTree = "<group>";
		};
		29DB4A681DC2EF23003E1E2A /* Model */ = {
			isa = PBXGroup;
			children = (
			);
			path = Model;
			sourceTree = "<group>";
		};
		29DB4A691DC2EF23003E1E2A /* View */ = {
			isa = PBXGroup;
			children = (
			);
			path = View;
			sourceTree = "<group>";
		};
		29DB4A6A1DC2EF23003E1E2A /* Home */ = {
			isa = PBXGroup;
			children = (
				29DB4A6B1DC2EF23003E1E2A /* Controller */,
				29DB4A6C1DC2EF23003E1E2A /* Model */,
				29DB4A6D1DC2EF23003E1E2A /* View */,
			);
			path = Home;
			sourceTree = "<group>";
		};
		29DB4A6B1DC2EF23003E1E2A /* Controller */ = {
			isa = PBXGroup;
			children = (
				29DB4A7C1DC2FB40003E1E2A /* HomeViewController.swift */,
				29DC90101DC635ED00527751 /* PopoverViewController.swift */,
				294420C01DC6E5FA0045C4AB /* WJQPresentationController.swift */,
			);
			path = Controller;
			sourceTree = "<group>";
		};
		29DB4A6C1DC2EF23003E1E2A /* Model */ = {
			isa = PBXGroup;
			children = (
				2953A5611DCB5B4000E1075C /* Status.swift */,
				2953A5631DCB5B4C00E1075C /* StatusViewModel.swift */,
				2953A5651DCB5B5700E1075C /* User.swift */,
			);
			path = Model;
			sourceTree = "<group>";
		};
		29DB4A6D1DC2EF23003E1E2A /* View */ = {
			isa = PBXGroup;
			children = (
				29DC90111DC635ED00527751 /* PopoverViewController.xib */,
				294420C21DC6E85B0045C4AB /* WJQPopoverAnimator.swift */,
				29F3F68D1DCC157C00100A1F /* HomeTableViewCell.swift */,
				29F3F68E1DCC157C00100A1F /* HomeTableViewCell.xib */,
				294727841DD032A9008AD618 /* PicCollectionView.swift */,
				294727861DD05394008AD618 /* PicCollectionViewCell.swift */,
				294727871DD05394008AD618 /* PicCollectionViewCell.xib */,
			);
			path = View;
			sourceTree = "<group>";
		};
		29DB4A6E1DC2EF23003E1E2A /* Main */ = {
			isa = PBXGroup;
			children = (
				29DB4A841DC322AA003E1E2A /* Resource */,
				29DB4A6F1DC2EF23003E1E2A /* Controller */,
				29DB4A701DC2EF23003E1E2A /* Model */,
				29DB4A711DC2EF23003E1E2A /* View */,
			);
			path = Main;
			sourceTree = "<group>";
		};
		29DB4A6F1DC2EF23003E1E2A /* Controller */ = {
			isa = PBXGroup;
			children = (
				29DB4A7A1DC2FB2D003E1E2A /* MainViewController.swift */,
				29DC90031DC61F5900527751 /* BaseViewController.swift */,
			);
			path = Controller;
			sourceTree = "<group>";
		};
		29DB4A701DC2EF23003E1E2A /* Model */ = {
			isa = PBXGroup;
			children = (
				290B8D4D1DC873CF00A85D99 /* UserAccount.swift */,
				2953A55B1DCAC38400E1075C /* UserAccountViewModel.swift */,
			);
			path = Model;
			sourceTree = "<group>";
		};
		29DB4A711DC2EF23003E1E2A /* View */ = {
			isa = PBXGroup;
			children = (
				29DC90051DC61FB900527751 /* VisitorView.swift */,
				29DC90071DC6203900527751 /* VisitorView.xib */,
				290B8D471DC84A2F00A85D99 /* OAuthViewController.swift */,
				290B8D481DC84A2F00A85D99 /* OAuthViewController.xib */,
				2953A55D1DCAC78800E1075C /* WelcomeViewController.swift */,
				2953A55E1DCAC78800E1075C /* WelcomeViewController.xib */,
			);
			path = View;
			sourceTree = "<group>";
		};
		29DB4A721DC2EF23003E1E2A /* Message */ = {
			isa = PBXGroup;
			children = (
				29DB4A731DC2EF23003E1E2A /* Controller */,
				29DB4A741DC2EF23003E1E2A /* Model */,
				29DB4A751DC2EF23003E1E2A /* View */,
			);
			path = Message;
			sourceTree = "<group>";
		};
		29DB4A731DC2EF23003E1E2A /* Controller */ = {
			isa = PBXGroup;
			children = (
				29DB4A7E1DC2FB4D003E1E2A /* MessageViewController.swift */,
			);
			path = Controller;
			sourceTree = "<group>";
		};
		29DB4A741DC2EF23003E1E2A /* Model */ = {
			isa = PBXGroup;
			children = (
			);
			path = Model;
			sourceTree = "<group>";
		};
		29DB4A751DC2EF23003E1E2A /* View */ = {
			isa = PBXGroup;
			children = (
			);
			path = View;
			sourceTree = "<group>";
		};
		29DB4A761DC2EF23003E1E2A /* Profile */ = {
			isa = PBXGroup;
			children = (
				29DB4A771DC2EF23003E1E2A /* Controller */,
				29DB4A781DC2EF23003E1E2A /* Model */,
				29DB4A791DC2EF23003E1E2A /* View */,
			);
			path = Profile;
			sourceTree = "<group>";
		};
		29DB4A771DC2EF23003E1E2A /* Controller */ = {
			isa = PBXGroup;
			children = (
				29DB4A821DC2FB65003E1E2A /* ProfileViewController.swift */,
			);
			path = Controller;
			sourceTree = "<group>";
		};
		29DB4A781DC2EF23003E1E2A /* Model */ = {
			isa = PBXGroup;
			children = (
			);
			path = Model;
			sourceTree = "<group>";
		};
		29DB4A791DC2EF23003E1E2A /* View */ = {
			isa = PBXGroup;
			children = (
			);
			path = View;
			sourceTree = "<group>";
		};
		29DB4A841DC322AA003E1E2A /* Resource */ = {
			isa = PBXGroup;
			children = (
				29DB4A851DC322AA003E1E2A /* MainVCSettings.json */,
			);
			path = Resource;
			sourceTree = "<group>";
		};
		29DC90091DC6311500527751 /* Others */ = {
			isa = PBXGroup;
			children = (
				29DC900A1DC6311500527751 /* Category */,
				29DC900B1DC6311500527751 /* Tools */,
				290B8D4B1DC867C400A85D99 /* Const.swift */,
			);
			path = Others;
			sourceTree = "<group>";
		};
		29DC900A1DC6311500527751 /* Category */ = {
			isa = PBXGroup;
			children = (
				29DC900C1DC6314A00527751 /* UIBarButtonItem-Extension.swift */,
				2953A5671DCB642400E1075C /* Date-Extension.swift */,
			);
			path = Category;
			sourceTree = "<group>";
		};
		29DC900B1DC6311500527751 /* Tools */ = {
			isa = PBXGroup;
			children = (
				29D012AF1DD5AC6200FBAAE5 /* HYLabel.swift */,
				29DC900E1DC632D600527751 /* TitleButton.swift */,
				290B8D451DC8443F00A85D99 /* NetworkTools.swift */,
			);
			path = Tools;
			sourceTree = "<group>";
		};
		4EE28F842FF7975B5D495AE4 /* Frameworks */ = {
			isa = PBXGroup;
			children = (
				E41D0D1CFBAEED4BCFD70B0D /* Pods_SwiftWeibo.framework */,
			);
			name = Frameworks;
			sourceTree = "<group>";
		};
/* End PBXGroup section */

/* Begin PBXNativeTarget section */
		29DB4A4F1DC2EC0F003E1E2A /* SwiftWeibo */ = {
			isa = PBXNativeTarget;
			buildConfigurationList = 29DB4A621DC2EC0F003E1E2A /* Build configuration list for PBXNativeTarget "SwiftWeibo" */;
			buildPhases = (
				A929D29ED1C753FF89DD3D1B /* [CP] Check Pods Manifest.lock */,
				29DB4A4C1DC2EC0F003E1E2A /* Sources */,
				29DB4A4D1DC2EC0F003E1E2A /* Frameworks */,
				29DB4A4E1DC2EC0F003E1E2A /* Resources */,
				55F0AFDF4C6064CF2F1B1C01 /* [CP] Embed Pods Frameworks */,
				051AC787DE5A6B28DF30B8C4 /* [CP] Copy Pods Resources */,
			);
			buildRules = (
			);
			dependencies = (
			);
			name = SwiftWeibo;
			productName = SwiftWeibo;
			productReference = 29DB4A501DC2EC0F003E1E2A /* SwiftWeibo.app */;
			productType = "com.apple.product-type.application";
		};
/* End PBXNativeTarget section */

/* Begin PBXProject section */
		29DB4A481DC2EC0F003E1E2A /* Project object */ = {
			isa = PBXProject;
			attributes = {
				LastSwiftUpdateCheck = 0800;
				LastUpgradeCheck = 0800;
				ORGANIZATIONNAME = wjq;
				TargetAttributes = {
					29DB4A4F1DC2EC0F003E1E2A = {
						CreatedOnToolsVersion = 8.0;
						DevelopmentTeam = F99DNARY2N;
						ProvisioningStyle = Automatic;
					};
				};
			};
			buildConfigurationList = 29DB4A4B1DC2EC0F003E1E2A /* Build configuration list for PBXProject "SwiftWeibo" */;
			compatibilityVersion = "Xcode 3.2";
			developmentRegion = English;
			hasScannedForEncodings = 0;
			knownRegions = (
				en,
				Base,
			);
			mainGroup = 29DB4A471DC2EC0F003E1E2A;
			productRefGroup = 29DB4A511DC2EC0F003E1E2A /* Products */;
			projectDirPath = "";
			projectRoot = "";
			targets = (
				29DB4A4F1DC2EC0F003E1E2A /* SwiftWeibo */,
			);
		};
/* End PBXProject section */

/* Begin PBXResourcesBuildPhase section */
		29DB4A4E1DC2EC0F003E1E2A /* Resources */ = {
			isa = PBXResourcesBuildPhase;
			buildActionMask = 2147483647;
			files = (
				292643C01DD3F91A00206993 /* Emoticons.bundle in Resources */,
				290B8D4A1DC84A2F00A85D99 /* OAuthViewController.xib in Resources */,
				2947278E1DD0BF35008AD618 /* ComposeViewController.xib in Resources */,
				29F3F6901DCC157C00100A1F /* HomeTableViewCell.xib in Resources */,
				292643BB1DD2AD9600206993 /* PicPickerViewCell.xib in Resources */,
				29DC90131DC635ED00527751 /* PopoverViewController.xib in Resources */,
				29DB4A861DC322AA003E1E2A /* MainVCSettings.json in Resources */,
				29DB4A5B1DC2EC0F003E1E2A /* Assets.xcassets in Resources */,
				294727891DD05394008AD618 /* PicCollectionViewCell.xib in Resources */,
				29DC90081DC6203900527751 /* VisitorView.xib in Resources */,
				2953A5601DCAC78800E1075C /* WelcomeViewController.xib in Resources */,
			);
			runOnlyForDeploymentPostprocessing = 0;
		};
/* End PBXResourcesBuildPhase section */

/* Begin PBXShellScriptBuildPhase section */
		051AC787DE5A6B28DF30B8C4 /* [CP] Copy Pods Resources */ = {
			isa = PBXShellScriptBuildPhase;
			buildActionMask = 2147483647;
			files = (
			);
			inputPaths = (
			);
			name = "[CP] Copy Pods Resources";
			outputPaths = (
			);
			runOnlyForDeploymentPostprocessing = 0;
			shellPath = /bin/sh;
			shellScript = "\"${SRCROOT}/Pods/Target Support Files/Pods-SwiftWeibo/Pods-SwiftWeibo-resources.sh\"\n";
			showEnvVarsInLog = 0;
		};
		55F0AFDF4C6064CF2F1B1C01 /* [CP] Embed Pods Frameworks */ = {
			isa = PBXShellScriptBuildPhase;
			buildActionMask = 2147483647;
			files = (
			);
			inputPaths = (
			);
			name = "[CP] Embed Pods Frameworks";
			outputPaths = (
			);
			runOnlyForDeploymentPostprocessing = 0;
			shellPath = /bin/sh;
			shellScript = "\"${SRCROOT}/Pods/Target Support Files/Pods-SwiftWeibo/Pods-SwiftWeibo-frameworks.sh\"\n";
			showEnvVarsInLog = 0;
		};
		A929D29ED1C753FF89DD3D1B /* [CP] Check Pods Manifest.lock */ = {
			isa = PBXShellScriptBuildPhase;
			buildActionMask = 2147483647;
			files = (
			);
			inputPaths = (
			);
			name = "[CP] Check Pods Manifest.lock";
			outputPaths = (
			);
			runOnlyForDeploymentPostprocessing = 0;
			shellPath = /bin/sh;
			shellScript = "diff \"${PODS_ROOT}/../Podfile.lock\" \"${PODS_ROOT}/Manifest.lock\" > /dev/null\nif [ $? != 0 ] ; then\n    # print error to STDERR\n    echo \"error: The sandbox is not in sync with the Podfile.lock. Run 'pod install' or update your CocoaPods installation.\" >&2\n    exit 1\nfi\n";
			showEnvVarsInLog = 0;
		};
/* End PBXShellScriptBuildPhase section */

/* Begin PBXSourcesBuildPhase section */
		29DB4A4C1DC2EC0F003E1E2A /* Sources */ = {
			isa = PBXSourcesBuildPhase;
			buildActionMask = 2147483647;
			files = (
				294727851DD032A9008AD618 /* PicCollectionView.swift in Sources */,
				29D012B01DD5AC6200FBAAE5 /* HYLabel.swift in Sources */,
				294727881DD05394008AD618 /* PicCollectionViewCell.swift in Sources */,
				292643C91DD3FD3F00206993 /* EmoticonPackage.swift in Sources */,
				290B8D461DC8443F00A85D99 /* NetworkTools.swift in Sources */,
				2953A5641DCB5B4C00E1075C /* StatusViewModel.swift in Sources */,
				2953A55C1DCAC38400E1075C /* UserAccountViewModel.swift in Sources */,
				294420C11DC6E5FA0045C4AB /* WJQPresentationController.swift in Sources */,
				292643CD1DD408B700206993 /* EmoticonCollectionViewLayout.swift in Sources */,
				29DB4A831DC2FB65003E1E2A /* ProfileViewController.swift in Sources */,
				2953A5681DCB642400E1075C /* Date-Extension.swift in Sources */,
				29F3F68F1DCC157C00100A1F /* HomeTableViewCell.swift in Sources */,
				29D012AB1DD59F7800FBAAE5 /* UITextView-Extension.swift in Sources */,
				292643C71DD3FD3100206993 /* EmoticonManager.swift in Sources */,
				2947278D1DD0BF35008AD618 /* ComposeViewController.swift in Sources */,
				29DB4A541DC2EC0F003E1E2A /* AppDelegate.swift in Sources */,
				290B8D491DC84A2F00A85D99 /* OAuthViewController.swift in Sources */,
				29DB4A7B1DC2FB2D003E1E2A /* MainViewController.swift in Sources */,
				294727921DD0C0CB008AD618 /* ComposeTitleView.swift in Sources */,
				292643BD1DD2D92500206993 /* PicPickerCollectionView.swift in Sources */,
				29DB4A7F1DC2FB4D003E1E2A /* MessageViewController.swift in Sources */,
				29DB4A7D1DC2FB40003E1E2A /* HomeViewController.swift in Sources */,
				292643C51DD3FBEB00206993 /* EmoticonViewCell.swift in Sources */,
				2953A5661DCB5B5700E1075C /* User.swift in Sources */,
				29D012AE1DD5A13B00FBAAE5 /* EmoticonAttachment.swift in Sources */,
				290B8D4E1DC873CF00A85D99 /* UserAccount.swift in Sources */,
				29DC90041DC61F5900527751 /* BaseViewController.swift in Sources */,
				292643BA1DD2AD9600206993 /* PicPickerViewCell.swift in Sources */,
				292643C31DD3FBBE00206993 /* EmoticonController.swift in Sources */,
				2953A5621DCB5B4000E1075C /* Status.swift in Sources */,
				29DB4A811DC2FB5A003E1E2A /* DiscoverViewController.swift in Sources */,
				29DC90121DC635ED00527751 /* PopoverViewController.swift in Sources */,
				29DC90061DC61FB900527751 /* VisitorView.swift in Sources */,
				294727901DD0C0AF008AD618 /* ComposeTextView.swift in Sources */,
				29DC900F1DC632D600527751 /* TitleButton.swift in Sources */,
				292643CB1DD3FD4A00206993 /* Emoticon.swift in Sources */,
				290B8D4C1DC867C400A85D99 /* Const.swift in Sources */,
				29D012B21DD5AFDC00FBAAE5 /* FindEmoticon.swift in Sources */,
				29DC900D1DC6314A00527751 /* UIBarButtonItem-Extension.swift in Sources */,
				294420C31DC6E85B0045C4AB /* WJQPopoverAnimator.swift in Sources */,
				2953A55F1DCAC78800E1075C /* WelcomeViewController.swift in Sources */,
			);
			runOnlyForDeploymentPostprocessing = 0;
		};
/* End PBXSourcesBuildPhase section */

/* Begin XCBuildConfiguration section */
		29DB4A601DC2EC0F003E1E2A /* Debug */ = {
			isa = XCBuildConfiguration;
			buildSettings = {
				ALWAYS_SEARCH_USER_PATHS = NO;
				CLANG_ANALYZER_NONNULL = YES;
				CLANG_CXX_LANGUAGE_STANDARD = "gnu++0x";
				CLANG_CXX_LIBRARY = "libc++";
				CLANG_ENABLE_MODULES = YES;
				CLANG_ENABLE_OBJC_ARC = YES;
				CLANG_WARN_BOOL_CONVERSION = YES;
				CLANG_WARN_CONSTANT_CONVERSION = YES;
				CLANG_WARN_DIRECT_OBJC_ISA_USAGE = YES_ERROR;
				CLANG_WARN_DOCUMENTATION_COMMENTS = YES;
				CLANG_WARN_EMPTY_BODY = YES;
				CLANG_WARN_ENUM_CONVERSION = YES;
				CLANG_WARN_INFINITE_RECURSION = YES;
				CLANG_WARN_INT_CONVERSION = YES;
				CLANG_WARN_OBJC_ROOT_CLASS = YES_ERROR;
				CLANG_WARN_SUSPICIOUS_MOVE = YES;
				CLANG_WARN_SUSPICIOUS_MOVES = YES;
				CLANG_WARN_UNREACHABLE_CODE = YES;
				CLANG_WARN__DUPLICATE_METHOD_MATCH = YES;
				"CODE_SIGN_IDENTITY[sdk=iphoneos*]" = "iPhone Developer";
				COPY_PHASE_STRIP = NO;
				DEBUG_INFORMATION_FORMAT = dwarf;
				ENABLE_STRICT_OBJC_MSGSEND = YES;
				ENABLE_TESTABILITY = YES;
				GCC_C_LANGUAGE_STANDARD = gnu99;
				GCC_DYNAMIC_NO_PIC = NO;
				GCC_NO_COMMON_BLOCKS = YES;
				GCC_OPTIMIZATION_LEVEL = 0;
				GCC_PREPROCESSOR_DEFINITIONS = (
					"DEBUG=1",
					"$(inherited)",
				);
				GCC_WARN_64_TO_32_BIT_CONVERSION = YES;
				GCC_WARN_ABOUT_RETURN_TYPE = YES_ERROR;
				GCC_WARN_UNDECLARED_SELECTOR = YES;
				GCC_WARN_UNINITIALIZED_AUTOS = YES_AGGRESSIVE;
				GCC_WARN_UNUSED_FUNCTION = YES;
				GCC_WARN_UNUSED_VARIABLE = YES;
				IPHONEOS_DEPLOYMENT_TARGET = 10.0;
				MTL_ENABLE_DEBUG_INFO = YES;
				ONLY_ACTIVE_ARCH = YES;
				SDKROOT = iphoneos;
				SWIFT_ACTIVE_COMPILATION_CONDITIONS = DEBUG;
				SWIFT_OPTIMIZATION_LEVEL = "-Onone";
			};
			name = Debug;
		};
		29DB4A611DC2EC0F003E1E2A /* Release */ = {
			isa = XCBuildConfiguration;
			buildSettings = {
				ALWAYS_SEARCH_USER_PATHS = NO;
				CLANG_ANALYZER_NONNULL = YES;
				CLANG_CXX_LANGUAGE_STANDARD = "gnu++0x";
				CLANG_CXX_LIBRARY = "libc++";
				CLANG_ENABLE_MODULES = YES;
				CLANG_ENABLE_OBJC_ARC = YES;
				CLANG_WARN_BOOL_CONVERSION = YES;
				CLANG_WARN_CONSTANT_CONVERSION = YES;
				CLANG_WARN_DIRECT_OBJC_ISA_USAGE = YES_ERROR;
				CLANG_WARN_DOCUMENTATION_COMMENTS = YES;
				CLANG_WARN_EMPTY_BODY = YES;
				CLANG_WARN_ENUM_CONVERSION = YES;
				CLANG_WARN_INFINITE_RECURSION = YES;
				CLANG_WARN_INT_CONVERSION = YES;
				CLANG_WARN_OBJC_ROOT_CLASS = YES_ERROR;
				CLANG_WARN_SUSPICIOUS_MOVE = YES;
				CLANG_WARN_SUSPICIOUS_MOVES = YES;
				CLANG_WARN_UNREACHABLE_CODE = YES;
				CLANG_WARN__DUPLICATE_METHOD_MATCH = YES;
				"CODE_SIGN_IDENTITY[sdk=iphoneos*]" = "iPhone Developer";
				COPY_PHASE_STRIP = NO;
				DEBUG_INFORMATION_FORMAT = "dwarf-with-dsym";
				ENABLE_NS_ASSERTIONS = NO;
				ENABLE_STRICT_OBJC_MSGSEND = YES;
				GCC_C_LANGUAGE_STANDARD = gnu99;
				GCC_NO_COMMON_BLOCKS = YES;
				GCC_WARN_64_TO_32_BIT_CONVERSION = YES;
				GCC_WARN_ABOUT_RETURN_TYPE = YES_ERROR;
				GCC_WARN_UNDECLARED_SELECTOR = YES;
				GCC_WARN_UNINITIALIZED_AUTOS = YES_AGGRESSIVE;
				GCC_WARN_UNUSED_FUNCTION = YES;
				GCC_WARN_UNUSED_VARIABLE = YES;
				IPHONEOS_DEPLOYMENT_TARGET = 10.0;
				MTL_ENABLE_DEBUG_INFO = NO;
				SDKROOT = iphoneos;
				SWIFT_OPTIMIZATION_LEVEL = "-Owholemodule";
				VALIDATE_PRODUCT = YES;
			};
			name = Release;
		};
		29DB4A631DC2EC0F003E1E2A /* Debug */ = {
			isa = XCBuildConfiguration;
			baseConfigurationReference = CD52E59BFA1F9DDDD7228E5F /* Pods-SwiftWeibo.debug.xcconfig */;
			buildSettings = {
				ASSETCATALOG_COMPILER_APPICON_NAME = AppIcon;
				ASSETCATALOG_COMPILER_LAUNCHIMAGE_NAME = LaunchImage;
				DEVELOPMENT_TEAM = F99DNARY2N;
				INFOPLIST_FILE = SwiftWeibo/Info.plist;
				IPHONEOS_DEPLOYMENT_TARGET = 9.0;
				LD_RUNPATH_SEARCH_PATHS = "$(inherited) @executable_path/Frameworks";
				PRODUCT_BUNDLE_IDENTIFIER = com.mzzdxt.SwiftWeibo;
				PRODUCT_NAME = "$(TARGET_NAME)";
				SWIFT_VERSION = 3.0;
			};
			name = Debug;
		};
		29DB4A641DC2EC0F003E1E2A /* Release */ = {
			isa = XCBuildConfiguration;
			baseConfigurationReference = 22119D56AF1D3191555F4BA9 /* Pods-SwiftWeibo.release.xcconfig */;
			buildSettings = {
				ASSETCATALOG_COMPILER_APPICON_NAME = AppIcon;
				ASSETCATALOG_COMPILER_LAUNCHIMAGE_NAME = LaunchImage;
				DEVELOPMENT_TEAM = F99DNARY2N;
				INFOPLIST_FILE = SwiftWeibo/Info.plist;
				IPHONEOS_DEPLOYMENT_TARGET = 9.0;
				LD_RUNPATH_SEARCH_PATHS = "$(inherited) @executable_path/Frameworks";
				PRODUCT_BUNDLE_IDENTIFIER = com.mzzdxt.SwiftWeibo;
				PRODUCT_NAME = "$(TARGET_NAME)";
				SWIFT_VERSION = 3.0;
			};
			name = Release;
		};
/* End XCBuildConfiguration section */

/* Begin XCConfigurationList section */
		29DB4A4B1DC2EC0F003E1E2A /* Build configuration list for PBXProject "SwiftWeibo" */ = {
			isa = XCConfigurationList;
			buildConfigurations = (
				29DB4A601DC2EC0F003E1E2A /* Debug */,
				29DB4A611DC2EC0F003E1E2A /* Release */,
			);
			defaultConfigurationIsVisible = 0;
			defaultConfigurationName = Release;
		};
		29DB4A621DC2EC0F003E1E2A /* Build configuration list for PBXNativeTarget "SwiftWeibo" */ = {
			isa = XCConfigurationList;
			buildConfigurations = (
				29DB4A631DC2EC0F003E1E2A /* Debug */,
				29DB4A641DC2EC0F003E1E2A /* Release */,
			);
			defaultConfigurationIsVisible = 0;
			defaultConfigurationName = Release;
		};
/* End XCConfigurationList section */
	};
	rootObject = 29DB4A481DC2EC0F003E1E2A /* Project object */;
}
